{
  "name": "5.8",
  "lockfileVersion": 3,
  "requires": true,
  "packages": {
    "": {
      "dependencies": {
        "types-registry": "^0.1.710"
      },
      "devDependencies": {
        "@types/chai": "^5.2.0"
      }
    },
    "node_modules/@types/chai": {
      "version": "5.2.0",
      "resolved": "https://registry.npmjs.org/@types/chai/-/chai-5.2.0.tgz",
      "integrity": "sha512-FWnQYdrG9FAC8KgPVhDFfrPL1FBsL3NtIt2WsxKvwu/61K6HiuDF3xAb7c7w/k9ML2QOUHcwTgU7dKLFPK6sBg==",
      "dev": true,
      "license": "MIT",
      "dependencies": {
        "@types/deep-eql": "*"
      }
    },
    "node_modules/@types/deep-eql": {
      "version": "4.0.2",
      "resolved": "https://registry.npmjs.org/@types/deep-eql/-/deep-eql-4.0.2.tgz",
      "integrity": "sha512-c9h9dVVMigMPc4bwTvC5dxqtqJZwQPePsWjPlpSOnojbor6pGqdk541lfA7AqFQr5pB1BRdq0juY9db81BwyFw==",
      "dev": true,
      "license": "MIT"
    },
    "node_modules/types-registry": {
      "version": "0.1.710",
      "resolved": "https://registry.npmjs.org/types-registry/-/types-registry-0.1.710.tgz",
      "integrity": "sha512-9zp3uyvQ4b8/r49ng2LIm0cyOBUgvPdFR7D+J5fBLEzXYFoHB93DGRv1hZZhuAMu2Jl18ULD0mM8rPb92iijXQ==",
      "license": "MIT"
    }
  }
}
